// !$*UTF8*$!
{
	archiveVersion = 1;
	classes = {
	};
	objectVersion = 52;
	objects = {

/* Begin PBXBuildFile section */
		1761D2AE2415708900343D61 /* QuickLinkView.swift in Sources */ = {isa = PBXBuildFile; fileRef = 1761D2AD2415708800343D61 /* QuickLinkView.swift */; };
		1761D2B0241570D300343D61 /* AboutView.swift in Sources */ = {isa = PBXBuildFile; fileRef = 1761D2AF241570D300343D61 /* AboutView.swift */; };
		1761D2B22416285600343D61 /* AppState.swift in Sources */ = {isa = PBXBuildFile; fileRef = 1761D2B12416285600343D61 /* AppState.swift */; };
		D430B04B240830400008FB4F /* AppDelegate.swift in Sources */ = {isa = PBXBuildFile; fileRef = D430B04A240830400008FB4F /* AppDelegate.swift */; };
		D430B04D240830400008FB4F /* SceneDelegate.swift in Sources */ = {isa = PBXBuildFile; fileRef = D430B04C240830400008FB4F /* SceneDelegate.swift */; };
		D430B04F240830400008FB4F /* RootView.swift in Sources */ = {isa = PBXBuildFile; fileRef = D430B04E240830400008FB4F /* RootView.swift */; };
		D430B051240830420008FB4F /* Assets.xcassets in Resources */ = {isa = PBXBuildFile; fileRef = D430B050240830420008FB4F /* Assets.xcassets */; };
		D430B054240830420008FB4F /* Preview Assets.xcassets in Resources */ = {isa = PBXBuildFile; fileRef = D430B053240830420008FB4F /* Preview Assets.xcassets */; };
		D430B057240830420008FB4F /* LaunchScreen.storyboard in Resources */ = {isa = PBXBuildFile; fileRef = D430B055240830420008FB4F /* LaunchScreen.storyboard */; };
		D430B060240830EC0008FB4F /* Alamofire in Frameworks */ = {isa = PBXBuildFile; productRef = D430B05F240830EC0008FB4F /* Alamofire */; };
		D430B06224083A840008FB4F /* TaskListView.swift in Sources */ = {isa = PBXBuildFile; fileRef = D430B06124083A840008FB4F /* TaskListView.swift */; };
/* End PBXBuildFile section */

/* Begin PBXFileReference section */
		1761D2AD2415708800343D61 /* QuickLinkView.swift */ = {isa = PBXFileReference; lastKnownFileType = sourcecode.swift; path = QuickLinkView.swift; sourceTree = "<group>"; };
		1761D2AF241570D300343D61 /* AboutView.swift */ = {isa = PBXFileReference; lastKnownFileType = sourcecode.swift; path = AboutView.swift; sourceTree = "<group>"; };
		1761D2B12416285600343D61 /* AppState.swift */ = {isa = PBXFileReference; lastKnownFileType = sourcecode.swift; path = AppState.swift; sourceTree = "<group>"; };
		D430B0472408303F0008FB4F /* SwiftUIApp.app */ = {isa = PBXFileReference; explicitFileType = wrapper.application; includeInIndex = 0; path = SwiftUIApp.app; sourceTree = BUILT_PRODUCTS_DIR; };
		D430B04A240830400008FB4F /* AppDelegate.swift */ = {isa = PBXFileReference; lastKnownFileType = sourcecode.swift; path = AppDelegate.swift; sourceTree = "<group>"; };
		D430B04C240830400008FB4F /* SceneDelegate.swift */ = {isa = PBXFileReference; lastKnownFileType = sourcecode.swift; path = SceneDelegate.swift; sourceTree = "<group>"; };
		D430B04E240830400008FB4F /* RootView.swift */ = {isa = PBXFileReference; lastKnownFileType = sourcecode.swift; path = RootView.swift; sourceTree = "<group>"; };
		D430B050240830420008FB4F /* Assets.xcassets */ = {isa = PBXFileReference; lastKnownFileType = folder.assetcatalog; path = Assets.xcassets; sourceTree = "<group>"; };
		D430B053240830420008FB4F /* Preview Assets.xcassets */ = {isa = PBXFileReference; lastKnownFileType = folder.assetcatalog; path = "Preview Assets.xcassets"; sourceTree = "<group>"; };
		D430B056240830420008FB4F /* Base */ = {isa = PBXFileReference; lastKnownFileType = file.storyboard; name = Base; path = Base.lproj/LaunchScreen.storyboard; sourceTree = "<group>"; };
		D430B058240830420008FB4F /* Info.plist */ = {isa = PBXFileReference; lastKnownFileType = text.plist.xml; path = Info.plist; sourceTree = "<group>"; };
		D430B06124083A840008FB4F /* TaskListView.swift */ = {isa = PBXFileReference; lastKnownFileType = sourcecode.swift; path = TaskListView.swift; sourceTree = "<group>"; };
/* End PBXFileReference section */

/* Begin PBXFrameworksBuildPhase section */
		D430B0442408303F0008FB4F /* Frameworks */ = {
			isa = PBXFrameworksBuildPhase;
			buildActionMask = 2147483647;
			files = (
				D430B060240830EC0008FB4F /* Alamofire in Frameworks */,
			);
			runOnlyForDeploymentPostprocessing = 0;
		};
/* End PBXFrameworksBuildPhase section */

/* Begin PBXGroup section */
		D430B03E2408303F0008FB4F = {
			isa = PBXGroup;
			children = (
				D430B049240830400008FB4F /* SwiftUIApp */,
				D430B0482408303F0008FB4F /* Products */,
			);
			sourceTree = "<group>";
		};
		D430B0482408303F0008FB4F /* Products */ = {
			isa = PBXGroup;
			children = (
				D430B0472408303F0008FB4F /* SwiftUIApp.app */,
			);
			name = Products;
			sourceTree = "<group>";
		};
		D430B049240830400008FB4F /* SwiftUIApp */ = {
			isa = PBXGroup;
			children = (
				1761D2B12416285600343D61 /* AppState.swift */,
				D430B04A240830400008FB4F /* AppDelegate.swift */,
				D430B04C240830400008FB4F /* SceneDelegate.swift */,
				1761D2AD2415708800343D61 /* QuickLinkView.swift */,
				D430B06124083A840008FB4F /* TaskListView.swift */,
				1761D2AF241570D300343D61 /* AboutView.swift */,
				D430B04E240830400008FB4F /* RootView.swift */,
				D430B050240830420008FB4F /* Assets.xcassets */,
				D430B055240830420008FB4F /* LaunchScreen.storyboard */,
				D430B058240830420008FB4F /* Info.plist */,
				D430B052240830420008FB4F /* Preview Content */,
			);
			path = SwiftUIApp;
			sourceTree = "<group>";
		};
		D430B052240830420008FB4F /* Preview Content */ = {
			isa = PBXGroup;
			children = (
				D430B053240830420008FB4F /* Preview Assets.xcassets */,
			);
			path = "Preview Content";
			sourceTree = "<group>";
		};
/* End PBXGroup section */

/* Begin PBXNativeTarget section */
		D430B0462408303F0008FB4F /* SwiftUIApp */ = {
			isa = PBXNativeTarget;
			buildConfigurationList = D430B05B240830420008FB4F /* Build configuration list for PBXNativeTarget "SwiftUIApp" */;
			buildPhases = (
				D430B0432408303F0008FB4F /* Sources */,
				D430B0442408303F0008FB4F /* Frameworks */,
				D430B0452408303F0008FB4F /* Resources */,
			);
			buildRules = (
			);
			dependencies = (
			);
			name = SwiftUIApp;
			packageProductDependencies = (
				D430B05F240830EC0008FB4F /* Alamofire */,
			);
			productName = SwiftUIApp;
			productReference = D430B0472408303F0008FB4F /* SwiftUIApp.app */;
			productType = "com.apple.product-type.application";
		};
/* End PBXNativeTarget section */

/* Begin PBXProject section */
		D430B03F2408303F0008FB4F /* Project object */ = {
			isa = PBXProject;
			attributes = {
				LastSwiftUpdateCheck = 1120;
				LastUpgradeCheck = 1120;
				ORGANIZATIONNAME = ePayments;
				TargetAttributes = {
					D430B0462408303F0008FB4F = {
						CreatedOnToolsVersion = 11.2.1;
					};
				};
			};
			buildConfigurationList = D430B0422408303F0008FB4F /* Build configuration list for PBXProject "SwiftUIApp" */;
			compatibilityVersion = "Xcode 9.3";
			developmentRegion = en;
			hasScannedForEncodings = 0;
			knownRegions = (
				en,
				Base,
			);
			mainGroup = D430B03E2408303F0008FB4F;
			packageReferences = (
				D430B05E240830EC0008FB4F /* XCRemoteSwiftPackageReference "Alamofire" */,
			);
			productRefGroup = D430B0482408303F0008FB4F /* Products */;
			projectDirPath = "";
			projectRoot = "";
			targets = (
				D430B0462408303F0008FB4F /* SwiftUIApp */,
			);
		};
/* End PBXProject section */

/* Begin PBXResourcesBuildPhase section */
		D430B0452408303F0008FB4F /* Resources */ = {
			isa = PBXResourcesBuildPhase;
			buildActionMask = 2147483647;
			files = (
				D430B057240830420008FB4F /* LaunchScreen.storyboard in Resources */,
				D430B054240830420008FB4F /* Preview Assets.xcassets in Resources */,
				D430B051240830420008FB4F /* Assets.xcassets in Resources */,
			);
			runOnlyForDeploymentPostprocessing = 0;
		};
/* End PBXResourcesBuildPhase section */

/* Begin PBXSourcesBuildPhase section */
		D430B0432408303F0008FB4F /* Sources */ = {
			isa = PBXSourcesBuildPhase;
			buildActionMask = 2147483647;
			files = (
				D430B06224083A840008FB4F /* TaskListView.swift in Sources */,
				D430B04B240830400008FB4F /* AppDelegate.swift in Sources */,
				1761D2B22416285600343D61 /* AppState.swift in Sources */,
				1761D2AE2415708900343D61 /* QuickLinkView.swift in Sources */,
				D430B04D240830400008FB4F /* SceneDelegate.swift in Sources */,
				1761D2B0241570D300343D61 /* AboutView.swift in Sources */,
				D430B04F240830400008FB4F /* RootView.swift in Sources */,
			);
			runOnlyForDeploymentPostprocessing = 0;
		};
/* End PBXSourcesBuildPhase section */

/* Begin PBXVariantGroup section */
		D430B055240830420008FB4F /* LaunchScreen.storyboard */ = {
			isa = PBXVariantGroup;
			children = (
				D430B056240830420008FB4F /* Base */,
			);
			name = LaunchScreen.storyboard;
			sourceTree = "<group>";
		};
/* End PBXVariantGroup section */

/* Begin XCBuildConfiguration section */
		D430B059240830420008FB4F /* Debug */ = {
			isa = XCBuildConfiguration;
			buildSettings = {
				ALWAYS_SEARCH_USER_PATHS = NO;
				CLANG_ANALYZER_NONNULL = YES;
				CLANG_ANALYZER_NUMBER_OBJECT_CONVERSION = YES_AGGRESSIVE;
				CLANG_CXX_LANGUAGE_STANDARD = "gnu++14";
				CLANG_CXX_LIBRARY = "libc++";
				CLANG_ENABLE_MODULES = YES;
				CLANG_ENABLE_OBJC_ARC = YES;
				CLANG_ENABLE_OBJC_WEAK = YES;
				CLANG_WARN_BLOCK_CAPTURE_AUTORELEASING = YES;
				CLANG_WARN_BOOL_CONVERSION = YES;
				CLANG_WARN_COMMA = YES;
				CLANG_WARN_CONSTANT_CONVERSION = YES;
				CLANG_WARN_DEPRECATED_OBJC_IMPLEMENTATIONS = YES;
				CLANG_WARN_DIRECT_OBJC_ISA_USAGE = YES_ERROR;
				CLANG_WARN_DOCUMENTATION_COMMENTS = YES;
				CLANG_WARN_EMPTY_BODY = YES;
				CLANG_WARN_ENUM_CONVERSION = YES;
				CLANG_WARN_INFINITE_RECURSION = YES;
				CLANG_WARN_INT_CONVERSION = YES;
				CLANG_WARN_NON_LITERAL_NULL_CONVERSION = YES;
				CLANG_WARN_OBJC_IMPLICIT_RETAIN_SELF = YES;
				CLANG_WARN_OBJC_LITERAL_CONVERSION = YES;
				CLANG_WARN_OBJC_ROOT_CLASS = YES_ERROR;
				CLANG_WARN_RANGE_LOOP_ANALYSIS = YES;
				CLANG_WARN_STRICT_PROTOTYPES = YES;
				CLANG_WARN_SUSPICIOUS_MOVE = YES;
				CLANG_WARN_UNGUARDED_AVAILABILITY = YES_AGGRESSIVE;
				CLANG_WARN_UNREACHABLE_CODE = YES;
				CLANG_WARN__DUPLICATE_METHOD_MATCH = YES;
				COPY_PHASE_STRIP = NO;
				DEBUG_INFORMATION_FORMAT = dwarf;
				ENABLE_STRICT_OBJC_MSGSEND = YES;
				ENABLE_TESTABILITY = YES;
				GCC_C_LANGUAGE_STANDARD = gnu11;
				GCC_DYNAMIC_NO_PIC = NO;
				GCC_NO_COMMON_BLOCKS = YES;
				GCC_OPTIMIZATION_LEVEL = 0;
				GCC_PREPROCESSOR_DEFINITIONS = (
					"DEBUG=1",
					"$(inherited)",
				);
				GCC_WARN_64_TO_32_BIT_CONVERSION = YES;
				GCC_WARN_ABOUT_RETURN_TYPE = YES_ERROR;
				GCC_WARN_UNDECLARED_SELECTOR = YES;
				GCC_WARN_UNINITIALIZED_AUTOS = YES_AGGRESSIVE;
				GCC_WARN_UNUSED_FUNCTION = YES;
				GCC_WARN_UNUSED_VARIABLE = YES;
				IPHONEOS_DEPLOYMENT_TARGET = 13.2;
				MTL_ENABLE_DEBUG_INFO = INCLUDE_SOURCE;
				MTL_FAST_MATH = YES;
				ONLY_ACTIVE_ARCH = YES;
				SDKROOT = iphoneos;
				SWIFT_ACTIVE_COMPILATION_CONDITIONS = DEBUG;
				SWIFT_OPTIMIZATION_LEVEL = "-Onone";
			};
			name = Debug;
		};
		D430B05A240830420008FB4F /* Release */ = {
			isa = XCBuildConfiguration;
			buildSettings = {
				ALWAYS_SEARCH_USER_PATHS = NO;
				CLANG_ANALYZER_NONNULL = YES;
				CLANG_ANALYZER_NUMBER_OBJECT_CONVERSION = YES_AGGRESSIVE;
				CLANG_CXX_LANGUAGE_STANDARD = "gnu++14";
				CLANG_CXX_LIBRARY = "libc++";
				CLANG_ENABLE_MODULES = YES;
				CLANG_ENABLE_OBJC_ARC = YES;
				CLANG_ENABLE_OBJC_WEAK = YES;
				CLANG_WARN_BLOCK_CAPTURE_AUTORELEASING = YES;
				CLANG_WARN_BOOL_CONVERSION = YES;
				CLANG_WARN_COMMA = YES;
				CLANG_WARN_CONSTANT_CONVERSION = YES;
				CLANG_WARN_DEPRECATED_OBJC_IMPLEMENTATIONS = YES;
				CLANG_WARN_DIRECT_OBJC_ISA_USAGE = YES_ERROR;
				CLANG_WARN_DOCUMENTATION_COMMENTS = YES;
				CLANG_WARN_EMPTY_BODY = YES;
				CLANG_WARN_ENUM_CONVERSION = YES;
				CLANG_WARN_INFINITE_RECURSION = YES;
				CLANG_WARN_INT_CONVERSION = YES;
				CLANG_WARN_NON_LITERAL_NULL_CONVERSION = YES;
				CLANG_WARN_OBJC_IMPLICIT_RETAIN_SELF = YES;
				CLANG_WARN_OBJC_LITERAL_CONVERSION = YES;
				CLANG_WARN_OBJC_ROOT_CLASS = YES_ERROR;
				CLANG_WARN_RANGE_LOOP_ANALYSIS = YES;
				CLANG_WARN_STRICT_PROTOTYPES = YES;
				CLANG_WARN_SUSPICIOUS_MOVE = YES;
				CLANG_WARN_UNGUARDED_AVAILABILITY = YES_AGGRESSIVE;
				CLANG_WARN_UNREACHABLE_CODE = YES;
				CLANG_WARN__DUPLICATE_METHOD_MATCH = YES;
				COPY_PHASE_STRIP = NO;
				DEBUG_INFORMATION_FORMAT = "dwarf-with-dsym";
				ENABLE_NS_ASSERTIONS = NO;
				ENABLE_STRICT_OBJC_MSGSEND = YES;
				GCC_C_LANGUAGE_STANDARD = gnu11;
				GCC_NO_COMMON_BLOCKS = YES;
				GCC_WARN_64_TO_32_BIT_CONVERSION = YES;
				GCC_WARN_ABOUT_RETURN_TYPE = YES_ERROR;
				GCC_WARN_UNDECLARED_SELECTOR = YES;
				GCC_WARN_UNINITIALIZED_AUTOS = YES_AGGRESSIVE;
				GCC_WARN_UNUSED_FUNCTION = YES;
				GCC_WARN_UNUSED_VARIABLE = YES;
				IPHONEOS_DEPLOYMENT_TARGET = 13.2;
				MTL_ENABLE_DEBUG_INFO = NO;
				MTL_FAST_MATH = YES;
				SDKROOT = iphoneos;
				SWIFT_COMPILATION_MODE = wholemodule;
				SWIFT_OPTIMIZATION_LEVEL = "-O";
				VALIDATE_PRODUCT = YES;
			};
			name = Release;
		};
		D430B05C240830420008FB4F /* Debug */ = {
			isa = XCBuildConfiguration;
			buildSettings = {
				ASSETCATALOG_COMPILER_APPICON_NAME = AppIcon;
				CODE_SIGN_STYLE = Automatic;
				DEVELOPMENT_ASSET_PATHS = "\"SwiftUIApp/Preview Content\"";
				DEVELOPMENT_TEAM = 258P4547PE;
				ENABLE_PREVIEWS = YES;
				INFOPLIST_FILE = SwiftUIApp/Info.plist;
				LD_RUNPATH_SEARCH_PATHS = (
					"$(inherited)",
					"@executable_path/Frameworks",
				);
				PRODUCT_BUNDLE_IDENTIFIER = "com.rosteg.swiftui-app";
				PRODUCT_NAME = "$(TARGET_NAME)";
				SWIFT_VERSION = 5.0;
				TARGETED_DEVICE_FAMILY = "1,2";
			};
			name = Debug;
		};
		D430B05D240830420008FB4F /* Release */ = {
			isa = XCBuildConfiguration;
			buildSettings = {
				ASSETCATALOG_COMPILER_APPICON_NAME = AppIcon;
				CODE_SIGN_STYLE = Automatic;
				DEVELOPMENT_ASSET_PATHS = "\"SwiftUIApp/Preview Content\"";
				DEVELOPMENT_TEAM = 258P4547PE;
				ENABLE_PREVIEWS = YES;
				INFOPLIST_FILE = SwiftUIApp/Info.plist;
				LD_RUNPATH_SEARCH_PATHS = (
					"$(inherited)",
					"@executable_path/Frameworks",
				);
				PRODUCT_BUNDLE_IDENTIFIER = "com.rosteg.swiftui-app";
				PRODUCT_NAME = "$(TARGET_NAME)";
				SWIFT_VERSION = 5.0;
				TARGETED_DEVICE_FAMILY = "1,2";
			};
			name = Release;
		};
/* End XCBuildConfiguration section */

/* Begin XCConfigurationList section */
		D430B0422408303F0008FB4F /* Build configuration list for PBXProject "SwiftUIApp" */ = {
			isa = XCConfigurationList;
			buildConfigurations = (
				D430B059240830420008FB4F /* Debug */,
				D430B05A240830420008FB4F /* Release */,
			);
			defaultConfigurationIsVisible = 0;
			defaultConfigurationName = Release;
		};
		D430B05B240830420008FB4F /* Build configuration list for PBXNativeTarget "SwiftUIApp" */ = {
			isa = XCConfigurationList;
			buildConfigurations = (
				D430B05C240830420008FB4F /* Debug */,
				D430B05D240830420008FB4F /* Release */,
			);
			defaultConfigurationIsVisible = 0;
			defaultConfigurationName = Release;
		};
/* End XCConfigurationList section */

/* Begin XCRemoteSwiftPackageReference section */
		D430B05E240830EC0008FB4F /* XCRemoteSwiftPackageReference "Alamofire" */ = {
			isa = XCRemoteSwiftPackageReference;
			repositoryURL = "https://github.com/Alamofire/Alamofire.git";
			requirement = {
				kind = upToNextMajorVersion;
				minimumVersion = 5.0.2;
			};
		};
/* End XCRemoteSwiftPackageReference section */

/* Begin XCSwiftPackageProductDependency section */
		D430B05F240830EC0008FB4F /* Alamofire */ = {
			isa = XCSwiftPackageProductDependency;
			package = D430B05E240830EC0008FB4F /* XCRemoteSwiftPackageReference "Alamofire" */;
			productName = Alamofire;
		};
/* End XCSwiftPackageProductDependency section */
	};
	rootObject = D430B03F2408303F0008FB4F /* Project object */;
}
